dependencies:
- name: dex
  repository: https://charts.dexidp.io
  version: 0.24.1
- name: kube-prometheus-stack
  repository: https://prometheus-community.github.io/helm-charts
  version: 89.2.4
digest: sha256:36b79466736da852d70a323031814ae50f8ccf7e1eb09768e498ec38c5bcc6e6
generated: "2026-09-14T15:13:13.27831-07:00"
